
Microsoft Visual Studio Solution File, Format Version 12.00
# Visual Studio Version 16
VisualStudioVersion = 16.0.30804.86
MinimumVisualStudioVersion = 10.0.40219.1
Project("{FAE04EC0-301F-11D3-BF4B-00C04F79EFBC}") = "PNdumper", "PNdumper\PNdumper.csproj", "{B51EF828-C9C2-4EF8-A993-8EF2AA83B631}"
EndProject
Global
	GlobalSection(SolutionConfigurationPlatforms) = preSolution
		Debug|Any CPU = Debug|Any CPU
		Release|Any CPU = Release|Any CPU
	EndGlobalSection
	GlobalSection(ProjectConfigurationPlatforms) = postSolution
		{B51EF828-C9C2-4EF8-A993-8EF2AA83B631}.Debug|Any CPU.ActiveCfg = Debug|Any CPU
		{B51EF828-C9C2-4EF8-A993-8EF2AA83B631}.Debug|Any CPU.Build.0 = Debug|Any CPU
		{B51EF828-C9C2-4EF8-A993-8EF2AA83B631}.Release|Any CPU.ActiveCfg = Release|Any CPU
		{B51EF828-C9C2-4EF8-A993-8EF2AA83B631}.Release|Any CPU.Build.0 = Release|Any CPU
	EndGlobalSection
	GlobalSection(SolutionProperties) = preSolution
		HideSolutionNode = FALSE
	EndGlobalSection
	GlobalSection(ExtensibilityGlobals) = postSolution
		SolutionGuid = {894E965D-0B75-4D39-A407-CF8A375E2B2A}
	EndGlobalSection
EndGlobal
